{
  "requires": true,
  "lockfileVersion": 1,
  "dependencies": {
    "bootstrap4-toggle": {
      "version": "3.6.1",
      "resolved": "https://registry.npmjs.org/bootstrap4-toggle/-/bootstrap4-toggle-3.6.1.tgz",
      "integrity": "sha512-eRejcTc9YurhZ64nHY9Ii9DQn+F9/R74H9RPoeANVM3N1+C2lZ2tUuFCx1w3orOJ1y/iG4A7iCwdDZphMDIrYg=="
    }
  }
}
