{
    "requires": true,
    "lockfileVersion": 1,
    "dependencies": {
        "@stimulus/core": {
            "version": "2.0.0",
            "resolved": "https://registry.npmjs.org/@stimulus/core/-/core-2.0.0.tgz",
            "integrity": "sha512-ff70GafKtzc8zQ1/cG+UvL06GcifPWovf2wBEdjLMh9xO2GOYURO3y2RYgzIGYUIBefQwyfX2CLfJdZFJrEPTw==",
            "dev": true,
            "requires": {
                "@stimulus/mutation-observers": "^2.0.0"
            }
        },
        "@stimulus/multimap": {
            "version": "2.0.0",
            "resolved": "https://registry.npmjs.org/@stimulus/multimap/-/multimap-2.0.0.tgz",
            "integrity": "sha512-pMBCewkZCFVB3e5mEMoyO9+9aKzHDITmf3OnPun51YWxlcPdHcwbjqm1ylK63fsoduIE+RowBpFwFqd3poEz4w==",
            "dev": true
        },
        "@stimulus/mutation-observers": {
            "version": "2.0.0",
            "resolved": "https://registry.npmjs.org/@stimulus/mutation-observers/-/mutation-observers-2.0.0.tgz",
            "integrity": "sha512-kx4VAJdPhIGBQKGIoUDC2tupEKorG3A+ckc2b1UiwInKTMAC1axOHU8ebcwhaJIxRqIrs8//4SJo9YAAOx6FEg==",
            "dev": true,
            "requires": {
                "@stimulus/multimap": "^2.0.0"
            }
        },
        "@stimulus/webpack-helpers": {
            "version": "2.0.0",
            "resolved": "https://registry.npmjs.org/@stimulus/webpack-helpers/-/webpack-helpers-2.0.0.tgz",
            "integrity": "sha512-D6tJWsAC024MwGEIKlUVYU8Ln87mlrmiwHvYAjipg+s8H4eLxUMQ3PZkWyPevfipH+oR3leuHsjYsK1gN5ViQA==",
            "dev": true
        },
        "@symfony/stimulus-bridge": {
            "version": "2.0.2",
            "resolved": "https://registry.npmjs.org/@symfony/stimulus-bridge/-/stimulus-bridge-2.0.2.tgz",
            "integrity": "sha512-n3Ku/mLv825v6+O38WO2U0wkuYL2BA1175cBLg+v8OjE51ujWmXTS9dOBpHjQyo6ETexGpArWH9KcVkkCkA7GA==",
            "dev": true,
            "requires": {
                "acorn": "^8.0.5"
            }
        },
        "acorn": {
            "version": "8.1.0",
            "resolved": "https://registry.npmjs.org/acorn/-/acorn-8.1.0.tgz",
            "integrity": "sha512-LWCF/Wn0nfHOmJ9rzQApGnxnvgfROzGilS8936rqN/lfcYkY9MYZzdMqN+2NJ4SlTc+m5HiSa+kNfDtI64dwUA==",
            "dev": true
        },
        "core-js": {
            "version": "3.9.1",
            "resolved": "https://registry.npmjs.org/core-js/-/core-js-3.9.1.tgz",
            "integrity": "sha512-gSjRvzkxQc1zjM/5paAmL4idJBFzuJoo+jDjF1tStYFMV2ERfD02HhahhCGXUyHxQRG4yFKVSdO6g62eoRMcDg==",
            "dev": true
        },
        "growly": {
            "version": "1.3.0",
            "resolved": "https://registry.npmjs.org/growly/-/growly-1.3.0.tgz",
            "integrity": "sha1-8QdIy+dq+WS3yWyTxrzCivEgwIE=",
            "dev": true
        },
        "is-docker": {
            "version": "2.1.1",
            "resolved": "https://registry.npmjs.org/is-docker/-/is-docker-2.1.1.tgz",
            "integrity": "sha512-ZOoqiXfEwtGknTiuDEy8pN2CfE3TxMHprvNer1mXiqwkOT77Rw3YVrUQ52EqAOU3QAWDQ+bQdx7HJzrv7LS2Hw==",
            "dev": true
        },
        "is-wsl": {
            "version": "2.2.0",
            "resolved": "https://registry.npmjs.org/is-wsl/-/is-wsl-2.2.0.tgz",
            "integrity": "sha512-fKzAra0rGJUUBwGBgNkHZuToZcn+TtXHpeCgmkMJMMYx1sQDYaCSyjJBSCa2nH1DGm7s3n1oBnohoVTBaN7Lww==",
            "dev": true,
            "requires": {
                "is-docker": "^2.0.0"
            }
        },
        "isexe": {
            "version": "2.0.0",
            "resolved": "https://registry.npmjs.org/isexe/-/isexe-2.0.0.tgz",
            "integrity": "sha1-6PvzdNxVb/iUehDcsFctYz8s+hA=",
            "dev": true
        },
        "lru-cache": {
            "version": "6.0.0",
            "resolved": "https://registry.npmjs.org/lru-cache/-/lru-cache-6.0.0.tgz",
            "integrity": "sha512-Jo6dJ04CmSjuznwJSS3pUeWmd/H0ffTlkXXgwZi+eq1UCmqQwCh+eLsYOYCwY991i2Fah4h1BEMCx4qThGbsiA==",
            "dev": true,
            "requires": {
                "yallist": "^4.0.0"
            }
        },
        "node-notifier": {
            "version": "9.0.1",
            "resolved": "https://registry.npmjs.org/node-notifier/-/node-notifier-9.0.1.tgz",
            "integrity": "sha512-fPNFIp2hF/Dq7qLDzSg4vZ0J4e9v60gJR+Qx7RbjbWqzPDdEqeVpEx5CFeDAELIl+A/woaaNn1fQ5nEVerMxJg==",
            "dev": true,
            "requires": {
                "growly": "^1.3.0",
                "is-wsl": "^2.2.0",
                "semver": "^7.3.2",
                "shellwords": "^0.1.1",
                "uuid": "^8.3.0",
                "which": "^2.0.2"
            },
            "dependencies": {
                "uuid": {
                    "version": "8.3.2",
                    "resolved": "https://registry.npmjs.org/uuid/-/uuid-8.3.2.tgz",
                    "integrity": "sha512-+NYs2QeMWy+GWFOEm9xnn6HCDp0l7QBD7ml8zLUmJ+93Q5NF0NocErnwkTkXVFNiX3/fpC6afS8Dhb/gz7R7eg==",
                    "dev": true
                }
            }
        },
        "nouislider": {
            "version": "14.6.4",
            "resolved": "https://registry.npmjs.org/nouislider/-/nouislider-14.6.4.tgz",
            "integrity": "sha512-PVCGYl+aC7/nVEbW61ypJWfuW3UCpvctz/luxpt4byxxli1FFyjBX9NIiy4Yak9AaO6a5BkPGfFYMCW4eg3eeQ=="
        },
        "regenerator-runtime": {
            "version": "0.13.7",
            "resolved": "https://registry.npmjs.org/regenerator-runtime/-/regenerator-runtime-0.13.7.tgz",
            "integrity": "sha512-a54FxoJDIr27pgf7IgeQGxmqUNYrcV338lf/6gH456HZ/PhX+5BcwHXG9ajESmwe6WRO0tAzRUrRmNONWgkrew==",
            "dev": true
        },
        "semver": {
            "version": "7.3.5",
            "resolved": "https://registry.npmjs.org/semver/-/semver-7.3.5.tgz",
            "integrity": "sha512-PoeGJYh8HK4BTO/a9Tf6ZG3veo/A7ZVsYrSA6J8ny9nb3B1VrpkuN+z9OE5wfE5p6H4LchYZsegiQgbJD94ZFQ==",
            "dev": true,
            "requires": {
                "lru-cache": "^6.0.0"
            }
        },
        "shellwords": {
            "version": "0.1.1",
            "resolved": "https://registry.npmjs.org/shellwords/-/shellwords-0.1.1.tgz",
            "integrity": "sha512-vFwSUfQvqybiICwZY5+DAWIPLKsWO31Q91JSKl3UYv+K5c2QRPzn0qzec6QPu1Qc9eHYItiP3NdJqNVqetYAww==",
            "dev": true
        },
        "stimulus": {
            "version": "2.0.0",
            "resolved": "https://registry.npmjs.org/stimulus/-/stimulus-2.0.0.tgz",
            "integrity": "sha512-xipy7BS5TVpg4fX6S8LhrYZp7cmHGjmk09WSAiVx1gF5S5g43IWsuetfUhIk8HfHUG+4MQ9nY0FQz4dRFLs/8w==",
            "dev": true,
            "requires": {
                "@stimulus/core": "^2.0.0",
                "@stimulus/webpack-helpers": "^2.0.0"
            }
        },
        "webpack-notifier": {
            "version": "1.13.0",
            "resolved": "https://registry.npmjs.org/webpack-notifier/-/webpack-notifier-1.13.0.tgz",
            "integrity": "sha512-QLk6l/TZKGhyN6Hd1zobaiYno7S9YPX3wH86+YOSufHes77SegGhnGdj+4vrLDFK5A4ZKoQD5GRXXFnM0h0N8A==",
            "dev": true,
            "requires": {
                "node-notifier": "^9.0.0",
                "strip-ansi": "^6.0.0"
            },
            "dependencies": {
                "ansi-regex": {
                    "version": "5.0.0",
                    "resolved": "https://registry.npmjs.org/ansi-regex/-/ansi-regex-5.0.0.tgz",
                    "integrity": "sha512-bY6fj56OUQ0hU1KjFNDQuJFezqKdrAyFdIevADiqrWHwSlbmBNMHp5ak2f40Pm8JTFyM2mqxkG6ngkHO11f/lg==",
                    "dev": true
                },
                "strip-ansi": {
                    "version": "6.0.0",
                    "resolved": "https://registry.npmjs.org/strip-ansi/-/strip-ansi-6.0.0.tgz",
                    "integrity": "sha512-AuvKTrTfQNYNIctbR1K/YGTR1756GycPsg7b9bdV9Duqur4gv6aKqHXah67Z8ImS7WEz5QVcOtlfW2rZEugt6w==",
                    "dev": true,
                    "requires": {
                        "ansi-regex": "^5.0.0"
                    }
                }
            }
        },
        "which": {
            "version": "2.0.2",
            "resolved": "https://registry.npmjs.org/which/-/which-2.0.2.tgz",
            "integrity": "sha512-BLI3Tl1TW3Pvl70l3yq3Y64i+awpwXqsGBYWkkqMtnbXgrMD+yj7rhW0kuEDxzJaYXGjEW5ogapKNMEKNMjibA==",
            "dev": true,
            "requires": {
                "isexe": "^2.0.0"
            }
        },
        "yallist": {
            "version": "4.0.0",
            "resolved": "https://registry.npmjs.org/yallist/-/yallist-4.0.0.tgz",
            "integrity": "sha512-3wdGidZyq5PB084XLES5TpOSRA3wjXAlIWMhum2kRcv/41Sn2emQ0dycQW4uZXLejwKvg6EsvbdlVL+FYEct7A==",
            "dev": true
        }
    }
}
